
Microsoft Visual Studio Solution File, Format Version 12.00
# Visual Studio Version 17
VisualStudioVersion = 17.8.34511.84
MinimumVisualStudioVersion = 10.0.40219.1
Project("{9A19103F-16F7-4668-BE54-9A1E7A4F7556}") = "KartMayhem", "KartMayhem.csproj", "{8795AAE7-2662-44AD-B716-8F5490D289C1}"
EndProject
Project("{9A19103F-16F7-4668-BE54-9A1E7A4F7556}") = "KartMayhem.Model", "..\KartMayhem.Model\KartMayhem.Model.csproj", "{AC63D8AF-4158-43CA-9A63-DC1005B21061}"
EndProject
Project("{9A19103F-16F7-4668-BE54-9A1E7A4F7556}") = "KartMayhem.Services", "..\KartMayhem.Services\KartMayhem.Services.csproj", "{D9A98BD7-3DE9-4EB0-A327-4DAFB7E7C59B}"
EndProject
Project("{FAE04EC0-301F-11D3-BF4B-00C04F79EFBC}") = "KartMayhem.Subscriber", "..\KartMayhem.Subscriber\KartMayhem.Subscriber.csproj", "{9C0B2890-7FBE-4593-BFD8-F9E720923281}"
EndProject
Global
	GlobalSection(SolutionConfigurationPlatforms) = preSolution
		Debug|Any CPU = Debug|Any CPU
		Release|Any CPU = Release|Any CPU
	EndGlobalSection
	GlobalSection(ProjectConfigurationPlatforms) = postSolution
		{8795AAE7-2662-44AD-B716-8F5490D289C1}.Debug|Any CPU.ActiveCfg = Debug|Any CPU
		{8795AAE7-2662-44AD-B716-8F5490D289C1}.Debug|Any CPU.Build.0 = Debug|Any CPU
		{8795AAE7-2662-44AD-B716-8F5490D289C1}.Release|Any CPU.ActiveCfg = Release|Any CPU
		{8795AAE7-2662-44AD-B716-8F5490D289C1}.Release|Any CPU.Build.0 = Release|Any CPU
		{AC63D8AF-4158-43CA-9A63-DC1005B21061}.Debug|Any CPU.ActiveCfg = Debug|Any CPU
		{AC63D8AF-4158-43CA-9A63-DC1005B21061}.Debug|Any CPU.Build.0 = Debug|Any CPU
		{AC63D8AF-4158-43CA-9A63-DC1005B21061}.Release|Any CPU.ActiveCfg = Release|Any CPU
		{AC63D8AF-4158-43CA-9A63-DC1005B21061}.Release|Any CPU.Build.0 = Release|Any CPU
		{D9A98BD7-3DE9-4EB0-A327-4DAFB7E7C59B}.Debug|Any CPU.ActiveCfg = Debug|Any CPU
		{D9A98BD7-3DE9-4EB0-A327-4DAFB7E7C59B}.Debug|Any CPU.Build.0 = Debug|Any CPU
		{D9A98BD7-3DE9-4EB0-A327-4DAFB7E7C59B}.Release|Any CPU.ActiveCfg = Release|Any CPU
		{D9A98BD7-3DE9-4EB0-A327-4DAFB7E7C59B}.Release|Any CPU.Build.0 = Release|Any CPU
		{9C0B2890-7FBE-4593-BFD8-F9E720923281}.Debug|Any CPU.ActiveCfg = Debug|Any CPU
		{9C0B2890-7FBE-4593-BFD8-F9E720923281}.Debug|Any CPU.Build.0 = Debug|Any CPU
		{9C0B2890-7FBE-4593-BFD8-F9E720923281}.Release|Any CPU.ActiveCfg = Release|Any CPU
		{9C0B2890-7FBE-4593-BFD8-F9E720923281}.Release|Any CPU.Build.0 = Release|Any CPU
	EndGlobalSection
	GlobalSection(SolutionProperties) = preSolution
		HideSolutionNode = FALSE
	EndGlobalSection
	GlobalSection(ExtensibilityGlobals) = postSolution
		SolutionGuid = {40309B4B-11B9-4C2B-8AFE-7E621393BF04}
	EndGlobalSection
EndGlobal
